{
  "version": 4,
  "terraform_version": "1.2.7",
  "serial": 121,
  "lineage": "936464e8-497e-1088-0556-c2b4ebfd403f",
  "outputs": {
    "password_data": {
      "value": "T0fjl9X4LxPmLuXGYE+hHhZrZYsGf3FEjIMwr1ysK2ZCMK4JZgc+TfD36p/PKIERGHTEUyisWrLBbA2uv11n0OgvSFgCuOkSwr5v9E+1MUHAnKO5kTRX+qdx4r2mEuC8N8vWq6ssEvnjxW2xVqYCcfdkQ8hD9h0bU4F3jo+Dk5X3Zfyb3b/YHlsaXKKZk+oJ3N3nslHW3mFGaCRyB2FsYvYgMh1mPmqCNyHHFQceMFZ82FSDA6qQVoBIbW4lrCAPV+uhL3Z+F0ljC/B1anzSKzUR6cmfrc4EcrCV+JCY4+evkjBcVOIlk/czEgD5dh7D4ky523WlX8PGvtIVpO68i0ZCTU/KrkAw7Mfjt/j6Qe/ob35H2BeL+yeHtskVTO5rGEQrutXzxJiqLLWQ9o1xlPIBkeeEPESK3qOHd/AauwmRkCZ+vv5RUvblgAsFDt5xHmUoWQ+Tn1/lw3VytBjGT9+PQsrDwmZ0uKzvv1zI0rjA42PxBuEYeB7axiyYL3v8syLqD0ndKT4q5cOFROW7/fmfN5+EQ71DFSICW2a0inpUvEHGO7KxD803u9X0vBkTzSLFGaBx3+1d2AKy7XtmRQ0seaHxkSnls6PWtkmuVsihJl/oIVu0i42G0Mwt46PFRI/jFNRMlvCfaU0iDaUJtsqkcHwqtWqcDfbaCI4SoZk=",
      "type": "string"
    }
  },
  "resources": [
    {
      "mode": "data",
      "type": "aws_ami",
      "name": "windows-2019",
      "provider": "provider[\"registry.terraform.io/hashicorp/aws\"]",
      "instances": [
        {
          "schema_version": 0,
          "attributes": {
            "architecture": "x86_64",
            "arn": "arn:aws:ec2:ca-central-1::image/ami-0dedf8e86fae0a5d8",
            "block_device_mappings": [
              {
                "device_name": "/dev/sda1",
                "ebs": {
                  "delete_on_termination": "true",
                  "encrypted": "false",
                  "iops": "0",
                  "snapshot_id": "snap-052b8ea4db81f9223",
                  "throughput": "0",
                  "volume_size": "30",
                  "volume_type": "gp2"
                },
                "no_device": "",
                "virtual_name": ""
              },
              {
                "device_name": "xvdca",
                "ebs": {},
                "no_device": "",
                "virtual_name": "ephemeral0"
              },
              {
                "device_name": "xvdcb",
                "ebs": {},
                "no_device": "",
                "virtual_name": "ephemeral1"
              },
              {
                "device_name": "xvdcc",
                "ebs": {},
                "no_device": "",
                "virtual_name": "ephemeral2"
              },
              {
                "device_name": "xvdcd",
                "ebs": {},
                "no_device": "",
                "virtual_name": "ephemeral3"
              },
              {
                "device_name": "xvdce",
                "ebs": {},
                "no_device": "",
                "virtual_name": "ephemeral4"
              },
              {
                "device_name": "xvdcf",
                "ebs": {},
                "no_device": "",
                "virtual_name": "ephemeral5"
              },
              {
                "device_name": "xvdcg",
                "ebs": {},
                "no_device": "",
                "virtual_name": "ephemeral6"
              },
              {
                "device_name": "xvdch",
                "ebs": {},
                "no_device": "",
                "virtual_name": "ephemeral7"
              },
              {
                "device_name": "xvdci",
                "ebs": {},
                "no_device": "",
                "virtual_name": "ephemeral8"
              },
              {
                "device_name": "xvdcj",
                "ebs": {},
                "no_device": "",
                "virtual_name": "ephemeral9"
              },
              {
                "device_name": "xvdck",
                "ebs": {},
                "no_device": "",
                "virtual_name": "ephemeral10"
              },
              {
                "device_name": "xvdcl",
                "ebs": {},
                "no_device": "",
                "virtual_name": "ephemeral11"
              },
              {
                "device_name": "xvdcm",
                "ebs": {},
                "no_device": "",
                "virtual_name": "ephemeral12"
              },
              {
                "device_name": "xvdcn",
                "ebs": {},
                "no_device": "",
                "virtual_name": "ephemeral13"
              },
              {
                "device_name": "xvdco",
                "ebs": {},
                "no_device": "",
                "virtual_name": "ephemeral14"
              },
              {
                "device_name": "xvdcp",
                "ebs": {},
                "no_device": "",
                "virtual_name": "ephemeral15"
              },
              {
                "device_name": "xvdcq",
                "ebs": {},
                "no_device": "",
                "virtual_name": "ephemeral16"
              },
              {
                "device_name": "xvdcr",
                "ebs": {},
                "no_device": "",
                "virtual_name": "ephemeral17"
              },
              {
                "device_name": "xvdcs",
                "ebs": {},
                "no_device": "",
                "virtual_name": "ephemeral18"
              },
              {
                "device_name": "xvdct",
                "ebs": {},
                "no_device": "",
                "virtual_name": "ephemeral19"
              },
              {
                "device_name": "xvdcu",
                "ebs": {},
                "no_device": "",
                "virtual_name": "ephemeral20"
              },
              {
                "device_name": "xvdcv",
                "ebs": {},
                "no_device": "",
                "virtual_name": "ephemeral21"
              },
              {
                "device_name": "xvdcw",
                "ebs": {},
                "no_device": "",
                "virtual_name": "ephemeral22"
              },
              {
                "device_name": "xvdcx",
                "ebs": {},
                "no_device": "",
                "virtual_name": "ephemeral23"
              },
              {
                "device_name": "xvdcy",
                "ebs": {},
                "no_device": "",
                "virtual_name": "ephemeral24"
              },
              {
                "device_name": "xvdcz",
                "ebs": {},
                "no_device": "",
                "virtual_name": "ephemeral25"
              }
            ],
            "creation_date": "2022-08-10T07:14:52.000Z",
            "description": "Microsoft Windows Server 2019 with Desktop Experience Locale English AMI provided by Amazon",
            "ena_support": true,
            "executable_users": null,
            "filter": [
              {
                "name": "name",
                "values": [
                  "Windows_Server-2019-English-Full-Base*"
                ]
              }
            ],
            "hypervisor": "xen",
            "id": "ami-0dedf8e86fae0a5d8",
            "image_id": "ami-0dedf8e86fae0a5d8",
            "image_location": "amazon/Windows_Server-2019-English-Full-Base-2022.08.10",
            "image_owner_alias": "amazon",
            "image_type": "machine",
            "kernel_id": null,
            "most_recent": true,
            "name": "Windows_Server-2019-English-Full-Base-2022.08.10",
            "name_regex": null,
            "owner_id": "801119661308",
            "owners": [
              "amazon"
            ],
            "platform": "windows",
            "platform_details": "Windows",
            "product_codes": [],
            "public": true,
            "ramdisk_id": null,
            "root_device_name": "/dev/sda1",
            "root_device_type": "ebs",
            "root_snapshot_id": "snap-052b8ea4db81f9223",
            "sriov_net_support": "simple",
            "state": "available",
            "state_reason": {
              "code": "UNSET",
              "message": "UNSET"
            },
            "tags": {},
            "usage_operation": "RunInstances:0002",
            "virtualization_type": "hvm"
          },
          "sensitive_attributes": []
        }
      ]
    },
    {
      "mode": "data",
      "type": "aws_ami",
      "name": "windows-2022",
      "provider": "provider[\"registry.terraform.io/hashicorp/aws\"]",
      "instances": [
        {
          "schema_version": 0,
          "attributes": {
            "architecture": "x86_64",
            "arn": "arn:aws:ec2:ca-central-1::image/ami-08862c130d019c56f",
            "block_device_mappings": [
              {
                "device_name": "/dev/sda1",
                "ebs": {
                  "delete_on_termination": "true",
                  "encrypted": "false",
                  "iops": "0",
                  "snapshot_id": "snap-01db9cce7b3adfe67",
                  "throughput": "0",
                  "volume_size": "30",
                  "volume_type": "gp2"
                },
                "no_device": "",
                "virtual_name": ""
              },
              {
                "device_name": "xvdca",
                "ebs": {},
                "no_device": "",
                "virtual_name": "ephemeral0"
              },
              {
                "device_name": "xvdcb",
                "ebs": {},
                "no_device": "",
                "virtual_name": "ephemeral1"
              },
              {
                "device_name": "xvdcc",
                "ebs": {},
                "no_device": "",
                "virtual_name": "ephemeral2"
              },
              {
                "device_name": "xvdcd",
                "ebs": {},
                "no_device": "",
                "virtual_name": "ephemeral3"
              },
              {
                "device_name": "xvdce",
                "ebs": {},
                "no_device": "",
                "virtual_name": "ephemeral4"
              },
              {
                "device_name": "xvdcf",
                "ebs": {},
                "no_device": "",
                "virtual_name": "ephemeral5"
              },
              {
                "device_name": "xvdcg",
                "ebs": {},
                "no_device": "",
                "virtual_name": "ephemeral6"
              },
              {
                "device_name": "xvdch",
                "ebs": {},
                "no_device": "",
                "virtual_name": "ephemeral7"
              },
              {
                "device_name": "xvdci",
                "ebs": {},
                "no_device": "",
                "virtual_name": "ephemeral8"
              },
              {
                "device_name": "xvdcj",
                "ebs": {},
                "no_device": "",
                "virtual_name": "ephemeral9"
              },
              {
                "device_name": "xvdck",
                "ebs": {},
                "no_device": "",
                "virtual_name": "ephemeral10"
              },
              {
                "device_name": "xvdcl",
                "ebs": {},
                "no_device": "",
                "virtual_name": "ephemeral11"
              },
              {
                "device_name": "xvdcm",
                "ebs": {},
                "no_device": "",
                "virtual_name": "ephemeral12"
              },
              {
                "device_name": "xvdcn",
                "ebs": {},
                "no_device": "",
                "virtual_name": "ephemeral13"
              },
              {
                "device_name": "xvdco",
                "ebs": {},
                "no_device": "",
                "virtual_name": "ephemeral14"
              },
              {
                "device_name": "xvdcp",
                "ebs": {},
                "no_device": "",
                "virtual_name": "ephemeral15"
              },
              {
                "device_name": "xvdcq",
                "ebs": {},
                "no_device": "",
                "virtual_name": "ephemeral16"
              },
              {
                "device_name": "xvdcr",
                "ebs": {},
                "no_device": "",
                "virtual_name": "ephemeral17"
              },
              {
                "device_name": "xvdcs",
                "ebs": {},
                "no_device": "",
                "virtual_name": "ephemeral18"
              },
              {
                "device_name": "xvdct",
                "ebs": {},
                "no_device": "",
                "virtual_name": "ephemeral19"
              },
              {
                "device_name": "xvdcu",
                "ebs": {},
                "no_device": "",
                "virtual_name": "ephemeral20"
              },
              {
                "device_name": "xvdcv",
                "ebs": {},
                "no_device": "",
                "virtual_name": "ephemeral21"
              },
              {
                "device_name": "xvdcw",
                "ebs": {},
                "no_device": "",
                "virtual_name": "ephemeral22"
              },
              {
                "device_name": "xvdcx",
                "ebs": {},
                "no_device": "",
                "virtual_name": "ephemeral23"
              },
              {
                "device_name": "xvdcy",
                "ebs": {},
                "no_device": "",
                "virtual_name": "ephemeral24"
              },
              {
                "device_name": "xvdcz",
                "ebs": {},
                "no_device": "",
                "virtual_name": "ephemeral25"
              }
            ],
            "creation_date": "2022-08-10T06:27:33.000Z",
            "description": "Microsoft Windows Server 2022 Full Locale English AMI provided by Amazon",
            "ena_support": true,
            "executable_users": null,
            "filter": [
              {
                "name": "name",
                "values": [
                  "Windows_Server-2022-English-Full-Base*"
                ]
              }
            ],
            "hypervisor": "xen",
            "id": "ami-08862c130d019c56f",
            "image_id": "ami-08862c130d019c56f",
            "image_location": "amazon/Windows_Server-2022-English-Full-Base-2022.08.10",
            "image_owner_alias": "amazon",
            "image_type": "machine",
            "kernel_id": null,
            "most_recent": true,
            "name": "Windows_Server-2022-English-Full-Base-2022.08.10",
            "name_regex": null,
            "owner_id": "801119661308",
            "owners": [
              "amazon"
            ],
            "platform": "windows",
            "platform_details": "Windows",
            "product_codes": [],
            "public": true,
            "ramdisk_id": null,
            "root_device_name": "/dev/sda1",
            "root_device_type": "ebs",
            "root_snapshot_id": "snap-01db9cce7b3adfe67",
            "sriov_net_support": "simple",
            "state": "available",
            "state_reason": {
              "code": "UNSET",
              "message": "UNSET"
            },
            "tags": {},
            "usage_operation": "RunInstances:0002",
            "virtualization_type": "hvm"
          },
          "sensitive_attributes": []
        }
      ]
    },
    {
      "mode": "data",
      "type": "template_file",
      "name": "windows-userdata",
      "provider": "provider[\"registry.terraform.io/hashicorp/template\"]",
      "instances": [
        {
          "schema_version": 0,
          "attributes": {
            "filename": null,
            "id": "7610f0173a3718f798000052a4f1367facc089274ded84674c6e3bd53a11081b",
            "rendered": "\u003cpowershell\u003e\r\n# Rename Machine\r\nRename-Computer -NewName \"tfwinsrv01\" -Force;\r\n# Install IIS\r\nInstall-WindowsFeature -name Web-Server -IncludeManagementTools;\r\n# Restart machine\r\nshutdown -r -t 10;\r\n\u003c/powershell\u003e\r\n",
            "template": "\u003cpowershell\u003e\r\n# Rename Machine\r\nRename-Computer -NewName \"tfwinsrv01\" -Force;\r\n# Install IIS\r\nInstall-WindowsFeature -name Web-Server -IncludeManagementTools;\r\n# Restart machine\r\nshutdown -r -t 10;\r\n\u003c/powershell\u003e\r\n",
            "vars": null
          },
          "sensitive_attributes": []
        }
      ]
    },
    {
      "mode": "managed",
      "type": "aws_instance",
      "name": "windows-server",
      "provider": "provider[\"registry.terraform.io/hashicorp/aws\"]",
      "instances": [
        {
          "schema_version": 1,
          "attributes": {
            "ami": "ami-0dedf8e86fae0a5d8",
            "arn": "arn:aws:ec2:ca-central-1:233889133251:instance/i-06be2ba2142a0ce1f",
            "associate_public_ip_address": true,
            "availability_zone": "ca-central-1a",
            "capacity_reservation_specification": [
              {
                "capacity_reservation_preference": "open",
                "capacity_reservation_target": []
              }
            ],
            "cpu_core_count": 1,
            "cpu_threads_per_core": 1,
            "credit_specification": [
              {
                "cpu_credits": "standard"
              }
            ],
            "disable_api_termination": false,
            "ebs_block_device": [],
            "ebs_optimized": false,
            "enclave_options": [
              {
                "enabled": false
              }
            ],
            "ephemeral_block_device": [],
            "get_password_data": true,
            "hibernation": false,
            "host_id": null,
            "iam_instance_profile": "",
            "id": "i-06be2ba2142a0ce1f",
            "instance_initiated_shutdown_behavior": "stop",
            "instance_state": "running",
            "instance_type": "t2.micro",
            "ipv6_address_count": 0,
            "ipv6_addresses": [],
            "key_name": "Winkeypair",
            "launch_template": [],
            "metadata_options": [
              {
                "http_endpoint": "enabled",
                "http_put_response_hop_limit": 1,
                "http_tokens": "optional",
                "instance_metadata_tags": "disabled"
              }
            ],
            "monitoring": false,
            "network_interface": [],
            "outpost_arn": "",
            "password_data": "T0fjl9X4LxPmLuXGYE+hHhZrZYsGf3FEjIMwr1ysK2ZCMK4JZgc+TfD36p/PKIERGHTEUyisWrLBbA2uv11n0OgvSFgCuOkSwr5v9E+1MUHAnKO5kTRX+qdx4r2mEuC8N8vWq6ssEvnjxW2xVqYCcfdkQ8hD9h0bU4F3jo+Dk5X3Zfyb3b/YHlsaXKKZk+oJ3N3nslHW3mFGaCRyB2FsYvYgMh1mPmqCNyHHFQceMFZ82FSDA6qQVoBIbW4lrCAPV+uhL3Z+F0ljC/B1anzSKzUR6cmfrc4EcrCV+JCY4+evkjBcVOIlk/czEgD5dh7D4ky523WlX8PGvtIVpO68i0ZCTU/KrkAw7Mfjt/j6Qe/ob35H2BeL+yeHtskVTO5rGEQrutXzxJiqLLWQ9o1xlPIBkeeEPESK3qOHd/AauwmRkCZ+vv5RUvblgAsFDt5xHmUoWQ+Tn1/lw3VytBjGT9+PQsrDwmZ0uKzvv1zI0rjA42PxBuEYeB7axiyYL3v8syLqD0ndKT4q5cOFROW7/fmfN5+EQ71DFSICW2a0inpUvEHGO7KxD803u9X0vBkTzSLFGaBx3+1d2AKy7XtmRQ0seaHxkSnls6PWtkmuVsihJl/oIVu0i42G0Mwt46PFRI/jFNRMlvCfaU0iDaUJtsqkcHwqtWqcDfbaCI4SoZk=",
            "placement_group": "",
            "placement_partition_number": null,
            "primary_network_interface_id": "eni-0655c9826bafe3523",
            "private_dns": "ip-10-0-0-53.ca-central-1.compute.internal",
            "private_ip": "10.0.0.53",
            "public_dns": "ec2-35-183-37-2.ca-central-1.compute.amazonaws.com",
            "public_ip": "35.183.37.2",
            "root_block_device": [
              {
                "delete_on_termination": true,
                "device_name": "/dev/sda1",
                "encrypted": false,
                "iops": 100,
                "kms_key_id": "",
                "tags": {},
                "throughput": 0,
                "volume_id": "vol-0159c5d3e6b5b5750",
                "volume_size": 30,
                "volume_type": "gp2"
              }
            ],
            "secondary_private_ips": [],
            "security_groups": [],
            "source_dest_check": false,
            "subnet_id": "subnet-02b8305ffedaa9fa3",
            "tags": {
              "Name": "Win-Ansible"
            },
            "tags_all": {
              "Name": "Win-Ansible"
            },
            "tenancy": "default",
            "timeouts": null,
            "user_data": "8a55402ea6020d94838d2ae3512705448fcedb60",
            "user_data_base64": null,
            "volume_tags": null,
            "vpc_security_group_ids": [
              "sg-00687f1dd6b0a321a"
            ]
          },
          "sensitive_attributes": [],
          "private": "eyJlMmJmYjczMC1lY2FhLTExZTYtOGY4OC0zNDM2M2JjN2M0YzAiOnsiY3JlYXRlIjo2MDAwMDAwMDAwMDAsImRlbGV0ZSI6MTIwMDAwMDAwMDAwMCwidXBkYXRlIjo2MDAwMDAwMDAwMDB9LCJzY2hlbWFfdmVyc2lvbiI6IjEifQ==",
          "dependencies": [
            "aws_key_pair.key_pair",
            "aws_security_group.aws-windows-sg",
            "aws_subnet.subnetI",
            "data.aws_ami.windows-2019",
            "data.template_file.windows-userdata"
          ]
        }
      ]
    },
    {
      "mode": "managed",
      "type": "aws_internet_gateway",
      "name": "igw",
      "provider": "provider[\"registry.terraform.io/hashicorp/aws\"]",
      "instances": [
        {
          "schema_version": 0,
          "attributes": {
            "arn": "arn:aws:ec2:ca-central-1:233889133251:internet-gateway/igw-060a2259a01a74a7d",
            "id": "igw-060a2259a01a74a7d",
            "owner_id": "233889133251",
            "tags": {},
            "tags_all": {},
            "vpc_id": "vpc-03b97d139589c697a"
          },
          "sensitive_attributes": [],
          "private": "bnVsbA==",
          "dependencies": [
            "aws_vpc.vpc"
          ]
        }
      ]
    },
    {
      "mode": "managed",
      "type": "aws_key_pair",
      "name": "key_pair",
      "provider": "provider[\"registry.terraform.io/hashicorp/aws\"]",
      "instances": [
        {
          "schema_version": 1,
          "attributes": {
            "arn": "arn:aws:ec2:ca-central-1:233889133251:key-pair/Winkeypair",
            "fingerprint": "75:d1:93:3b:29:93:4a:2d:aa:2d:ec:07:ec:a3:f2:ac",
            "id": "Winkeypair",
            "key_name": "Winkeypair",
            "key_name_prefix": "",
            "key_pair_id": "key-05f749441dcea3617",
            "public_key": "ssh-rsa AAAAB3NzaC1yc2EAAAADAQABAAACAQCxNijcawbe4DOyc5QqP3OeKcCAOOQ8QrdWfzMPJvra0cfZqYUafN0Scms6qBAJW12F/JZ9+QNYlV8KNNMp2PE3VHIY1n7yg+NM03TmD1JW9cS/IVToKdOMFJ+H3OClqxuM8TVj6QKiNn7xP0PPxOIOvVVWIkjUzImyB9qqhjvKzY3F0oEeYmmzDgbhebaZx2ZHoFTKvn3cshz8rviRezublPbSpwdnPrpaM9cWUvBAttkq5bamE0UCZZIKE7diesw7xf3kRk1+DmHXvMBNdBUuXV+VrpAnH+8pKupEX2rST7eiytztlFb/WTtYoanxjbW1HtGGrHPJw8OSkYUoNpMtwjYBoZvpo30LqGJdWBT46DzzbfCV4l2f4XiywyPItNGYkTdcc3SuB17t0YliUEcZL5hD+Ph8zO2razqHaqekph7g7lf3HAi+6GNpXOFX6uzYfqhA/ETtLZ7gWRtok1sbtikCROCKyODB2TmesdrPsG8GGOk4SPxA1WrhzFh8kT7z9pqeH193Q0nd/JuS7+qd7HOrDNH2lHhNiHUeiLINrOdE5U7JbWJk4Tm2dAFAd8t5UIyxaPQibzfSb0VebSAerrbVj5n5wuo7OQoumvmrFoJ1RzM7fTsh8QAQ4Pn4cMSwKlSjta70kzfpgIOwWy93XLXCkRsSBIKtDTqxVCNI0Q==",
            "tags": {},
            "tags_all": {}
          },
          "sensitive_attributes": [],
          "private": "eyJzY2hlbWFfdmVyc2lvbiI6IjEifQ==",
          "dependencies": [
            "tls_private_key.key_pair"
          ]
        }
      ]
    },
    {
      "mode": "managed",
      "type": "aws_route_table",
      "name": "rt",
      "provider": "provider[\"registry.terraform.io/hashicorp/aws\"]",
      "instances": [
        {
          "schema_version": 0,
          "attributes": {
            "arn": "arn:aws:ec2:ca-central-1:233889133251:route-table/rtb-080971c5c6ae3443c",
            "id": "rtb-080971c5c6ae3443c",
            "owner_id": "233889133251",
            "propagating_vgws": [],
            "route": [
              {
                "carrier_gateway_id": "",
                "cidr_block": "0.0.0.0/0",
                "destination_prefix_list_id": "",
                "egress_only_gateway_id": "",
                "gateway_id": "igw-060a2259a01a74a7d",
                "instance_id": "",
                "ipv6_cidr_block": "",
                "local_gateway_id": "",
                "nat_gateway_id": "",
                "network_interface_id": "",
                "transit_gateway_id": "",
                "vpc_endpoint_id": "",
                "vpc_peering_connection_id": ""
              }
            ],
            "tags": {
              "Name": "route table win"
            },
            "tags_all": {
              "Name": "route table win"
            },
            "timeouts": null,
            "vpc_id": "vpc-03b97d139589c697a"
          },
          "sensitive_attributes": [],
          "private": "eyJlMmJmYjczMC1lY2FhLTExZTYtOGY4OC0zNDM2M2JjN2M0YzAiOnsiY3JlYXRlIjozMDAwMDAwMDAwMDAsImRlbGV0ZSI6MzAwMDAwMDAwMDAwLCJ1cGRhdGUiOjEyMDAwMDAwMDAwMH19",
          "dependencies": [
            "aws_internet_gateway.igw",
            "aws_vpc.vpc"
          ]
        }
      ]
    },
    {
      "mode": "managed",
      "type": "aws_route_table_association",
      "name": "rta",
      "provider": "provider[\"registry.terraform.io/hashicorp/aws\"]",
      "instances": [
        {
          "schema_version": 0,
          "attributes": {
            "gateway_id": "",
            "id": "rtbassoc-00c0d9b7ecb6a170d",
            "route_table_id": "rtb-080971c5c6ae3443c",
            "subnet_id": "subnet-02b8305ffedaa9fa3"
          },
          "sensitive_attributes": [],
          "private": "bnVsbA==",
          "dependencies": [
            "aws_internet_gateway.igw",
            "aws_route_table.rt",
            "aws_subnet.subnetI",
            "aws_vpc.vpc"
          ]
        }
      ]
    },
    {
      "mode": "managed",
      "type": "aws_security_group",
      "name": "aws-windows-sg",
      "provider": "provider[\"registry.terraform.io/hashicorp/aws\"]",
      "instances": [
        {
          "schema_version": 1,
          "attributes": {
            "arn": "arn:aws:ec2:ca-central-1:233889133251:security-group/sg-00687f1dd6b0a321a",
            "description": "Allow incoming connections",
            "egress": [
              {
                "cidr_blocks": [
                  "0.0.0.0/0"
                ],
                "description": "",
                "from_port": 0,
                "ipv6_cidr_blocks": [],
                "prefix_list_ids": [],
                "protocol": "-1",
                "security_groups": [],
                "self": false,
                "to_port": 0
              }
            ],
            "id": "sg-00687f1dd6b0a321a",
            "ingress": [
              {
                "cidr_blocks": [
                  "0.0.0.0/0"
                ],
                "description": "Allow incoming HTTP connections",
                "from_port": 80,
                "ipv6_cidr_blocks": [],
                "prefix_list_ids": [],
                "protocol": "tcp",
                "security_groups": [],
                "self": false,
                "to_port": 80
              },
              {
                "cidr_blocks": [
                  "0.0.0.0/0"
                ],
                "description": "Allow incoming RDP connections",
                "from_port": 3389,
                "ipv6_cidr_blocks": [],
                "prefix_list_ids": [],
                "protocol": "tcp",
                "security_groups": [],
                "self": false,
                "to_port": 3389
              }
            ],
            "name": "windows-sg",
            "name_prefix": "",
            "owner_id": "233889133251",
            "revoke_rules_on_delete": false,
            "tags": {
              "Name": "windows-sg"
            },
            "tags_all": {
              "Name": "windows-sg"
            },
            "timeouts": null,
            "vpc_id": "vpc-03b97d139589c697a"
          },
          "sensitive_attributes": [],
          "private": "eyJlMmJmYjczMC1lY2FhLTExZTYtOGY4OC0zNDM2M2JjN2M0YzAiOnsiY3JlYXRlIjo2MDAwMDAwMDAwMDAsImRlbGV0ZSI6OTAwMDAwMDAwMDAwfSwic2NoZW1hX3ZlcnNpb24iOiIxIn0=",
          "dependencies": [
            "aws_vpc.vpc"
          ]
        }
      ]
    },
    {
      "mode": "managed",
      "type": "aws_subnet",
      "name": "subnetI",
      "provider": "provider[\"registry.terraform.io/hashicorp/aws\"]",
      "instances": [
        {
          "schema_version": 1,
          "attributes": {
            "arn": "arn:aws:ec2:ca-central-1:233889133251:subnet/subnet-02b8305ffedaa9fa3",
            "assign_ipv6_address_on_creation": false,
            "availability_zone": "ca-central-1a",
            "availability_zone_id": "cac1-az1",
            "cidr_block": "10.0.0.0/24",
            "customer_owned_ipv4_pool": "",
            "enable_dns64": false,
            "enable_resource_name_dns_a_record_on_launch": false,
            "enable_resource_name_dns_aaaa_record_on_launch": false,
            "id": "subnet-02b8305ffedaa9fa3",
            "ipv6_cidr_block": "",
            "ipv6_cidr_block_association_id": "",
            "ipv6_native": false,
            "map_customer_owned_ip_on_launch": false,
            "map_public_ip_on_launch": false,
            "outpost_arn": "",
            "owner_id": "233889133251",
            "private_dns_hostname_type_on_launch": "ip-name",
            "tags": {},
            "tags_all": {},
            "timeouts": null,
            "vpc_id": "vpc-03b97d139589c697a"
          },
          "sensitive_attributes": [],
          "private": "eyJlMmJmYjczMC1lY2FhLTExZTYtOGY4OC0zNDM2M2JjN2M0YzAiOnsiY3JlYXRlIjo2MDAwMDAwMDAwMDAsImRlbGV0ZSI6MTIwMDAwMDAwMDAwMH0sInNjaGVtYV92ZXJzaW9uIjoiMSJ9",
          "dependencies": [
            "aws_vpc.vpc"
          ]
        }
      ]
    },
    {
      "mode": "managed",
      "type": "aws_vpc",
      "name": "vpc",
      "provider": "provider[\"registry.terraform.io/hashicorp/aws\"]",
      "instances": [
        {
          "schema_version": 1,
          "attributes": {
            "arn": "arn:aws:ec2:ca-central-1:233889133251:vpc/vpc-03b97d139589c697a",
            "assign_generated_ipv6_cidr_block": false,
            "cidr_block": "10.0.0.0/16",
            "default_network_acl_id": "acl-0beca7f8ba7e85ce2",
            "default_route_table_id": "rtb-000368200d4351a65",
            "default_security_group_id": "sg-0c427e964f18baf79",
            "dhcp_options_id": "dopt-0d88e1934430fa37b",
            "enable_classiclink": false,
            "enable_classiclink_dns_support": false,
            "enable_dns_hostnames": true,
            "enable_dns_support": true,
            "id": "vpc-03b97d139589c697a",
            "instance_tenancy": "default",
            "ipv4_ipam_pool_id": null,
            "ipv4_netmask_length": null,
            "ipv6_association_id": "",
            "ipv6_cidr_block": "",
            "ipv6_cidr_block_network_border_group": "",
            "ipv6_ipam_pool_id": "",
            "ipv6_netmask_length": 0,
            "main_route_table_id": "rtb-000368200d4351a65",
            "owner_id": "233889133251",
            "tags": {},
            "tags_all": {}
          },
          "sensitive_attributes": [],
          "private": "eyJzY2hlbWFfdmVyc2lvbiI6IjEifQ=="
        }
      ]
    },
    {
      "mode": "managed",
      "type": "local_file",
      "name": "ssh_key",
      "provider": "provider[\"registry.terraform.io/hashicorp/local\"]",
      "instances": [
        {
          "schema_version": 0,
          "attributes": {
            "content": "-----BEGIN RSA PRIVATE KEY-----\nMIIJKgIBAAKCAgEAsTYo3GsG3uAzsnOUKj9zninAgDjkPEK3Vn8zDyb62tHH2amF\nGnzdEnJrOqgQCVtdhfyWffkDWJVfCjTTKdjxN1RyGNZ+8oPjTNN05g9SVvXEvyFU\n6CnTjBSfh9zgpasbjPE1Y+kCojZ+8T9Dz8TiDr1VViJI1MyJsgfaqoY7ys2NxdKB\nHmJpsw4G4Xm2mcdmR6BUyr593LIc/K74kXs7m5T20qcHZz66WjPXFlLwQLbZKuW2\nphNFAmWSChO3YnrMO8X95EZNfg5h17zATXQVLl1fla6QJx/vKSrqRF9q0k+3osrc\n7ZRW/1k7WKGp8Y21tR7RhqxzycPDkpGFKDaTLcI2AaGb6aN9C6hiXVgU+Og8823w\nleJdn+F4ssMjyLTRmJE3XHN0rgde7dGJYlBHGS+YQ/j4fMztq2s6h2qnpKYe4O5X\n9xwIvuhjaVzhV+rs2H6oQPxE7S2e4FkbaJNbG7YpAkTgisjgwdk5nrHaz7BvBhjp\nOEj8QNVq4cxYfJE+8/aanh9fd0NJ3fybku/qnexzqwzR9pR4TYh1HoiyDaznROVO\nyW1iZOE5tnQBQHfLeVCMsWj0Im830m9FXm0gHq621Y+Z+cLqOzkKLpr5qxaCdUcz\nO307IfEAEOD5+HDEsCpUo7Wu9JM36YCDsFsvd1y1wpEbEgSCrQ06sVQjSNECAwEA\nAQKCAgEAlG4lyYGHzrSB+K2gY8aj481a5MtCOEs1XyjJrp5arV/bAjBgQXBmhyX5\nNLdCP2QcsLaBouAo8lCiu1zFph6E5HBB5RX8XMslXtsa5fvdXuMaOXEEujUWcRVx\nDg5ux7TLLcF3k8i+oPn+V7lC5kslgW0KhkvPLxZnGwxDFmO6v0JuxkxsQ/PwTr6n\n+sHEtYdz3vinLO5jY7B4YRl5L/nFUqpyFr06kTrUQet788HiZIIC4lBoLTCks745\nlWEwUDdEy6gp4cMU80m+oEID3JwnhZ9GCYyeR3cTDitY743wXlnRGXTLmd+PAvBN\nqg421xF4Kk22+BOIJG5paGGk46ramKtIAYNkOmAoqkSU5DFyb3aoPO/k8ajzLuy8\nHvXb45BrCTPvHNgN2YWpm2+ok+f8hmSridL9HsZsGnOA5PrkAnVecAF9MLISl41U\n5xIEmK1drL6N2Nkf+0ASCK9wWKrtIzkGDzGSbrJ5y7TRhu7/PXqP+eM2T4fYywpW\n2LdvEvdS3CPGWLEX8Q+GypQg2DIIIcxP53PEupL2W0f+HazOtapstv9s+DVwgm80\na/EirHmGj0Vi0yy0dQDZzErjVc+ukjQj3xSPCmfmhVVB1EvfnsUItmM7f/EF/qbZ\nwP2hkbBbs3QlnvK9T8+s6F1bzUhoYkyOEWs4lIfbMhb5CN5amkECggEBANsyPmsz\nNKZLebayRH6HEV3DlyZ6r+uc1+KTMejP5xcx/OeIdDAd6HjYS+JrbeeZ5ly7LO9Y\nbuMQbWYsMXxBq3RF85BWRgiH4oEx2PYA+t2zUwIH5Rc2EVwWve+u440aLALp6HTn\n8BUv/ni8Ytc7/vgoT8yyOVcZFHlTvDWCxAlMUWjguw7SFKOgP6agMOROoBYdXfL5\nPUYOsISrxj0xSH0gQjUrR2Il4wMlelJ7Mge5m8Ne254Yo1G8SK7iB/pfTowYetDG\n4/nmrrYi9uUuakeemutzWtNbpgJNZ+2oRcOSheA/2jdBNOayLtnM4RzbY5pH3Boj\nk08Lz7lMK3vIm7kCggEBAM73R2ycXMBnNrVlWFC/sZPnwT7wz16AKagqvtiuno5d\nsIhcNolTyfm39FuLy1aj7OypwCWzUPIjV3nBu8WMvFxXvkUJY/ZHoEjliTAHdvVO\n2jDo6LQZpNRbSkr5mSa9x9uu87i/fz4ymPQqju8UL+HC+z+ZS/yzaLYDzBag18VR\nMT0c+2W5xKfJi45MP6Wm28uhfmkye6Bw9knvTu0TsgJbTC+ebb3Cz44tjZCAO70+\nQTQ0wgtPcd1IvJO8Uihbe4Kz525HVKMW8/5PpI0RJNBnSlibVSm4wknZ4IeYpOL2\nA8TDEhrO1VdVWAh6DIbwFzACNUYbJkQVbYax05rAEdkCggEBAJ9JltR+JI+IH43l\nZCLycmtJ/GhJFdhJZRTQ1J8TniJcACYdIhnpUgunWxXR7c81JpNSrefMwuAdCvMJ\nwHhEnJzlTIciOshuPuqV182FjshXTUYXiKJidyENob8wv0nFsB/57SQvfGdZNjp0\n4/r3LWUWnk7pYQPrRNaaRBY6zczX+f0V+rldbwQtKrQiiwUOIgWQF7q+5oknmZz/\n2xKS4tOTAqnypnArihm6PXb88bFtb0T9hOkRjHWUNtlnhlaqtcDW9UEMl5T9zw6q\nv/Jx1WfwWTIq5ODdI/leWNz6wJ/LtZ/tpt0qdJAFAkjiOuCmiW4PNGKGYcE6mxxT\nvvG4KXkCggEAd5CppZhLiSfXlkHfHH8x8pVvsZHi6uA1sJ5JNNrkZLDBfHVxWDKc\nu3RHad+/7+SxyiNjCySlvc0nCwMeHElqxBo4pJ+BLVVBxvs8HxAg7CTKrnjPfsRV\n0gyPRfMeRCBdZo+S44dV1jPa4yv2+S17X/yJs7s3B90JwCU/cU8oeCiovnqQzbrd\nXmV0BxgLqQJVdjVs1w9AFndMAXiL6zB2pR/jSptHINp7l9K/NtyuJmzhtGxKMciK\nqmEL+HlSKVh4aRDPwYjZ34IyIRgXoxtlXjRd4gSS1ZCURZ/mM8++ahPgJ3reabhV\nzadTPUptFEN90dFkv4SNvcV3SdpPudX+OQKCAQEAgS0cKM9Z4sQjumEaVsnxGzZc\nEenWCpqiVqyx+aj4UbCpxYwtGFWgE3S16OxSr0siZ4NtvQ+GS6bdYJKB9ij6nKqc\ntBuKmAE+7NxbAf0k+/yO+376Rbf+1H7w+yVln+LL1fxGRwzixwTYO9R85R4AEQHg\n+Hzi7m/6OkR+N8tES+g9cyeBHN6ZbrYItiAZMseGcqH3W2KI8ZtxDj2WEvQLqEef\ni96nhuIHRRIm5kBFDsmaicOP15k3I2NIYvxSCKMMgGv8yW2B53sEqogWlqSuKXiG\nZKdin+M/ROdvPF2JKVI/yiCzrXOYSs+Q5t3FgKPWnYvGXaE+JEZZIdYJt6BsMg==\n-----END RSA PRIVATE KEY-----\n",
            "content_base64": null,
            "directory_permission": "0777",
            "file_permission": "0777",
            "filename": "Winkeypair.pem",
            "id": "fd1bf51f5461adc4b074ee59fc8d076087123da2",
            "sensitive_content": null,
            "source": null
          },
          "sensitive_attributes": [
            [
              {
                "type": "get_attr",
                "value": "content"
              }
            ]
          ],
          "private": "bnVsbA==",
          "dependencies": [
            "aws_key_pair.key_pair",
            "tls_private_key.key_pair"
          ]
        }
      ]
    },
    {
      "mode": "managed",
      "type": "tls_private_key",
      "name": "key_pair",
      "provider": "provider[\"registry.terraform.io/hashicorp/tls\"]",
      "instances": [
        {
          "schema_version": 1,
          "attributes": {
            "algorithm": "RSA",
            "ecdsa_curve": "P224",
            "id": "762c0b4304e74736b1efe1498a518fbf7fe594ca",
            "private_key_openssh": "-----BEGIN OPENSSH PRIVATE KEY-----\nb3BlbnNzaC1rZXktdjEAAAAABG5vbmUAAAAEbm9uZQAAAAAAAAABAAACFwAAAAdz\nc2gtcnNhAAAAAwEAAQAAAgEAsTYo3GsG3uAzsnOUKj9zninAgDjkPEK3Vn8zDyb6\n2tHH2amFGnzdEnJrOqgQCVtdhfyWffkDWJVfCjTTKdjxN1RyGNZ+8oPjTNN05g9S\nVvXEvyFU6CnTjBSfh9zgpasbjPE1Y+kCojZ+8T9Dz8TiDr1VViJI1MyJsgfaqoY7\nys2NxdKBHmJpsw4G4Xm2mcdmR6BUyr593LIc/K74kXs7m5T20qcHZz66WjPXFlLw\nQLbZKuW2phNFAmWSChO3YnrMO8X95EZNfg5h17zATXQVLl1fla6QJx/vKSrqRF9q\n0k+3osrc7ZRW/1k7WKGp8Y21tR7RhqxzycPDkpGFKDaTLcI2AaGb6aN9C6hiXVgU\n+Og8823wleJdn+F4ssMjyLTRmJE3XHN0rgde7dGJYlBHGS+YQ/j4fMztq2s6h2qn\npKYe4O5X9xwIvuhjaVzhV+rs2H6oQPxE7S2e4FkbaJNbG7YpAkTgisjgwdk5nrHa\nz7BvBhjpOEj8QNVq4cxYfJE+8/aanh9fd0NJ3fybku/qnexzqwzR9pR4TYh1Hoiy\nDaznROVOyW1iZOE5tnQBQHfLeVCMsWj0Im830m9FXm0gHq621Y+Z+cLqOzkKLpr5\nqxaCdUczO307IfEAEOD5+HDEsCpUo7Wu9JM36YCDsFsvd1y1wpEbEgSCrQ06sVQj\nSNEAAAc4h5BiH4eQYh8AAAAHc3NoLXJzYQAAAgEAsTYo3GsG3uAzsnOUKj9zninA\ngDjkPEK3Vn8zDyb62tHH2amFGnzdEnJrOqgQCVtdhfyWffkDWJVfCjTTKdjxN1Ry\nGNZ+8oPjTNN05g9SVvXEvyFU6CnTjBSfh9zgpasbjPE1Y+kCojZ+8T9Dz8TiDr1V\nViJI1MyJsgfaqoY7ys2NxdKBHmJpsw4G4Xm2mcdmR6BUyr593LIc/K74kXs7m5T2\n0qcHZz66WjPXFlLwQLbZKuW2phNFAmWSChO3YnrMO8X95EZNfg5h17zATXQVLl1f\nla6QJx/vKSrqRF9q0k+3osrc7ZRW/1k7WKGp8Y21tR7RhqxzycPDkpGFKDaTLcI2\nAaGb6aN9C6hiXVgU+Og8823wleJdn+F4ssMjyLTRmJE3XHN0rgde7dGJYlBHGS+Y\nQ/j4fMztq2s6h2qnpKYe4O5X9xwIvuhjaVzhV+rs2H6oQPxE7S2e4FkbaJNbG7Yp\nAkTgisjgwdk5nrHaz7BvBhjpOEj8QNVq4cxYfJE+8/aanh9fd0NJ3fybku/qnexz\nqwzR9pR4TYh1HoiyDaznROVOyW1iZOE5tnQBQHfLeVCMsWj0Im830m9FXm0gHq62\n1Y+Z+cLqOzkKLpr5qxaCdUczO307IfEAEOD5+HDEsCpUo7Wu9JM36YCDsFsvd1y1\nwpEbEgSCrQ06sVQjSNEAAAADAQABAAACAQCUbiXJgYfOtIH4raBjxqPjzVrky0I4\nSzVfKMmunlqtX9sCMGBBcGaHJfk0t0I/ZBywtoGi4CjyUKK7XMWmHoTkcEHlFfxc\nyyVe2xrl+91e4xo5cQS6NRZxFXEODm7HtMstwXeTyL6g+f5XuULmSyWBbQqGS88v\nFmcbDEMWY7q/Qm7GTGxD8/BOvqf6wcS1h3Pe+Kcs7mNjsHhhGXkv+cVSqnIWvTqR\nOtRB63vzweJkggLiUGgtMKSzvjmVYTBQN0TLqCnhwxTzSb6gQgPcnCeFn0YJjJ5H\ndxMOK1jvjfBeWdEZdMuZ348C8E2qDjbXEXgqTbb4E4gkbmloYaTjqtqYq0gBg2Q6\nYCiqRJTkMXJvdqg87+TxqPMu7Lwe9dvjkGsJM+8c2A3Zhambb6iT5/yGZKuJ0v0e\nxmwac4Dk+uQCdV5wAX0wshKXjVTnEgSYrV2svo3Y2R/7QBIIr3BYqu0jOQYPMZJu\nsnnLtNGG7v89eo/54zZPh9jLClbYt28S91LcI8ZYsRfxD4bKlCDYMgghzE/nc8S6\nkvZbR/4drM61qmy2/2z4NXCCbzRr8SKseYaPRWLTLLR1ANnMSuNVz66SNCPfFI8K\nZ+aFVUHUS9+exQi2Yzt/8QX+ptnA/aGRsFuzdCWe8r1Pz6zoXVvNSGhiTI4RaziU\nh9syFvkI3lqaQQAAAQEAgS0cKM9Z4sQjumEaVsnxGzZcEenWCpqiVqyx+aj4UbCp\nxYwtGFWgE3S16OxSr0siZ4NtvQ+GS6bdYJKB9ij6nKqctBuKmAE+7NxbAf0k+/yO\n+376Rbf+1H7w+yVln+LL1fxGRwzixwTYO9R85R4AEQHg+Hzi7m/6OkR+N8tES+g9\ncyeBHN6ZbrYItiAZMseGcqH3W2KI8ZtxDj2WEvQLqEefi96nhuIHRRIm5kBFDsma\nicOP15k3I2NIYvxSCKMMgGv8yW2B53sEqogWlqSuKXiGZKdin+M/ROdvPF2JKVI/\nyiCzrXOYSs+Q5t3FgKPWnYvGXaE+JEZZIdYJt6BsMgAAAQEA2zI+azM0pkt5trJE\nfocRXcOXJnqv65zX4pMx6M/nFzH854h0MB3oeNhL4mtt55nmXLss71hu4xBtZiwx\nfEGrdEXzkFZGCIfigTHY9gD63bNTAgflFzYRXBa9767jjRosAunodOfwFS/+eLxi\n1zv++ChPzLI5VxkUeVO8NYLECUxRaOC7DtIUo6A/pqAw5E6gFh1d8vk9Rg6whKvG\nPTFIfSBCNStHYiXjAyV6UnsyB7mbw17bnhijUbxIruIH+l9OjBh60Mbj+eautiL2\n5S5qR56a63Na01umAk1n7ahFw5KF4D/aN0E05rIu2czhHNtjmkfcGiOTTwvPuUwr\ne8ibuQAAAQEAzvdHbJxcwGc2tWVYUL+xk+fBPvDPXoApqCq+2K6ejl2wiFw2iVPJ\n+bf0W4vLVqPs7KnAJbNQ8iNXecG7xYy8XFe+RQlj9kegSOWJMAd29U7aMOjotBmk\n1FtKSvmZJr3H267zuL9/PjKY9CqO7xQv4cL7P5lL/LNotgPMFqDXxVExPRz7ZbnE\np8mLjkw/pabby6F+aTJ7oHD2Se9O7ROyAltML55tvcLPji2NkIA7vT5BNDTCC09x\n3Ui8k7xSKFt7grPnbkdUoxbz/k+kjREk0GdKWJtVKbjCSdngh5ik4vYDxMMSGs7V\nV1VYCHoMhvAXMAI1RhsmRBVthrHTmsAR2QAAAAAB\n-----END OPENSSH PRIVATE KEY-----\n",
            "private_key_pem": "-----BEGIN RSA PRIVATE KEY-----\nMIIJKgIBAAKCAgEAsTYo3GsG3uAzsnOUKj9zninAgDjkPEK3Vn8zDyb62tHH2amF\nGnzdEnJrOqgQCVtdhfyWffkDWJVfCjTTKdjxN1RyGNZ+8oPjTNN05g9SVvXEvyFU\n6CnTjBSfh9zgpasbjPE1Y+kCojZ+8T9Dz8TiDr1VViJI1MyJsgfaqoY7ys2NxdKB\nHmJpsw4G4Xm2mcdmR6BUyr593LIc/K74kXs7m5T20qcHZz66WjPXFlLwQLbZKuW2\nphNFAmWSChO3YnrMO8X95EZNfg5h17zATXQVLl1fla6QJx/vKSrqRF9q0k+3osrc\n7ZRW/1k7WKGp8Y21tR7RhqxzycPDkpGFKDaTLcI2AaGb6aN9C6hiXVgU+Og8823w\nleJdn+F4ssMjyLTRmJE3XHN0rgde7dGJYlBHGS+YQ/j4fMztq2s6h2qnpKYe4O5X\n9xwIvuhjaVzhV+rs2H6oQPxE7S2e4FkbaJNbG7YpAkTgisjgwdk5nrHaz7BvBhjp\nOEj8QNVq4cxYfJE+8/aanh9fd0NJ3fybku/qnexzqwzR9pR4TYh1HoiyDaznROVO\nyW1iZOE5tnQBQHfLeVCMsWj0Im830m9FXm0gHq621Y+Z+cLqOzkKLpr5qxaCdUcz\nO307IfEAEOD5+HDEsCpUo7Wu9JM36YCDsFsvd1y1wpEbEgSCrQ06sVQjSNECAwEA\nAQKCAgEAlG4lyYGHzrSB+K2gY8aj481a5MtCOEs1XyjJrp5arV/bAjBgQXBmhyX5\nNLdCP2QcsLaBouAo8lCiu1zFph6E5HBB5RX8XMslXtsa5fvdXuMaOXEEujUWcRVx\nDg5ux7TLLcF3k8i+oPn+V7lC5kslgW0KhkvPLxZnGwxDFmO6v0JuxkxsQ/PwTr6n\n+sHEtYdz3vinLO5jY7B4YRl5L/nFUqpyFr06kTrUQet788HiZIIC4lBoLTCks745\nlWEwUDdEy6gp4cMU80m+oEID3JwnhZ9GCYyeR3cTDitY743wXlnRGXTLmd+PAvBN\nqg421xF4Kk22+BOIJG5paGGk46ramKtIAYNkOmAoqkSU5DFyb3aoPO/k8ajzLuy8\nHvXb45BrCTPvHNgN2YWpm2+ok+f8hmSridL9HsZsGnOA5PrkAnVecAF9MLISl41U\n5xIEmK1drL6N2Nkf+0ASCK9wWKrtIzkGDzGSbrJ5y7TRhu7/PXqP+eM2T4fYywpW\n2LdvEvdS3CPGWLEX8Q+GypQg2DIIIcxP53PEupL2W0f+HazOtapstv9s+DVwgm80\na/EirHmGj0Vi0yy0dQDZzErjVc+ukjQj3xSPCmfmhVVB1EvfnsUItmM7f/EF/qbZ\nwP2hkbBbs3QlnvK9T8+s6F1bzUhoYkyOEWs4lIfbMhb5CN5amkECggEBANsyPmsz\nNKZLebayRH6HEV3DlyZ6r+uc1+KTMejP5xcx/OeIdDAd6HjYS+JrbeeZ5ly7LO9Y\nbuMQbWYsMXxBq3RF85BWRgiH4oEx2PYA+t2zUwIH5Rc2EVwWve+u440aLALp6HTn\n8BUv/ni8Ytc7/vgoT8yyOVcZFHlTvDWCxAlMUWjguw7SFKOgP6agMOROoBYdXfL5\nPUYOsISrxj0xSH0gQjUrR2Il4wMlelJ7Mge5m8Ne254Yo1G8SK7iB/pfTowYetDG\n4/nmrrYi9uUuakeemutzWtNbpgJNZ+2oRcOSheA/2jdBNOayLtnM4RzbY5pH3Boj\nk08Lz7lMK3vIm7kCggEBAM73R2ycXMBnNrVlWFC/sZPnwT7wz16AKagqvtiuno5d\nsIhcNolTyfm39FuLy1aj7OypwCWzUPIjV3nBu8WMvFxXvkUJY/ZHoEjliTAHdvVO\n2jDo6LQZpNRbSkr5mSa9x9uu87i/fz4ymPQqju8UL+HC+z+ZS/yzaLYDzBag18VR\nMT0c+2W5xKfJi45MP6Wm28uhfmkye6Bw9knvTu0TsgJbTC+ebb3Cz44tjZCAO70+\nQTQ0wgtPcd1IvJO8Uihbe4Kz525HVKMW8/5PpI0RJNBnSlibVSm4wknZ4IeYpOL2\nA8TDEhrO1VdVWAh6DIbwFzACNUYbJkQVbYax05rAEdkCggEBAJ9JltR+JI+IH43l\nZCLycmtJ/GhJFdhJZRTQ1J8TniJcACYdIhnpUgunWxXR7c81JpNSrefMwuAdCvMJ\nwHhEnJzlTIciOshuPuqV182FjshXTUYXiKJidyENob8wv0nFsB/57SQvfGdZNjp0\n4/r3LWUWnk7pYQPrRNaaRBY6zczX+f0V+rldbwQtKrQiiwUOIgWQF7q+5oknmZz/\n2xKS4tOTAqnypnArihm6PXb88bFtb0T9hOkRjHWUNtlnhlaqtcDW9UEMl5T9zw6q\nv/Jx1WfwWTIq5ODdI/leWNz6wJ/LtZ/tpt0qdJAFAkjiOuCmiW4PNGKGYcE6mxxT\nvvG4KXkCggEAd5CppZhLiSfXlkHfHH8x8pVvsZHi6uA1sJ5JNNrkZLDBfHVxWDKc\nu3RHad+/7+SxyiNjCySlvc0nCwMeHElqxBo4pJ+BLVVBxvs8HxAg7CTKrnjPfsRV\n0gyPRfMeRCBdZo+S44dV1jPa4yv2+S17X/yJs7s3B90JwCU/cU8oeCiovnqQzbrd\nXmV0BxgLqQJVdjVs1w9AFndMAXiL6zB2pR/jSptHINp7l9K/NtyuJmzhtGxKMciK\nqmEL+HlSKVh4aRDPwYjZ34IyIRgXoxtlXjRd4gSS1ZCURZ/mM8++ahPgJ3reabhV\nzadTPUptFEN90dFkv4SNvcV3SdpPudX+OQKCAQEAgS0cKM9Z4sQjumEaVsnxGzZc\nEenWCpqiVqyx+aj4UbCpxYwtGFWgE3S16OxSr0siZ4NtvQ+GS6bdYJKB9ij6nKqc\ntBuKmAE+7NxbAf0k+/yO+376Rbf+1H7w+yVln+LL1fxGRwzixwTYO9R85R4AEQHg\n+Hzi7m/6OkR+N8tES+g9cyeBHN6ZbrYItiAZMseGcqH3W2KI8ZtxDj2WEvQLqEef\ni96nhuIHRRIm5kBFDsmaicOP15k3I2NIYvxSCKMMgGv8yW2B53sEqogWlqSuKXiG\nZKdin+M/ROdvPF2JKVI/yiCzrXOYSs+Q5t3FgKPWnYvGXaE+JEZZIdYJt6BsMg==\n-----END RSA PRIVATE KEY-----\n",
            "private_key_pem_pkcs8": "-----BEGIN PRIVATE KEY-----\nMIIJRAIBADANBgkqhkiG9w0BAQEFAASCCS4wggkqAgEAAoICAQCxNijcawbe4DOy\nc5QqP3OeKcCAOOQ8QrdWfzMPJvra0cfZqYUafN0Scms6qBAJW12F/JZ9+QNYlV8K\nNNMp2PE3VHIY1n7yg+NM03TmD1JW9cS/IVToKdOMFJ+H3OClqxuM8TVj6QKiNn7x\nP0PPxOIOvVVWIkjUzImyB9qqhjvKzY3F0oEeYmmzDgbhebaZx2ZHoFTKvn3cshz8\nrviRezublPbSpwdnPrpaM9cWUvBAttkq5bamE0UCZZIKE7diesw7xf3kRk1+DmHX\nvMBNdBUuXV+VrpAnH+8pKupEX2rST7eiytztlFb/WTtYoanxjbW1HtGGrHPJw8OS\nkYUoNpMtwjYBoZvpo30LqGJdWBT46DzzbfCV4l2f4XiywyPItNGYkTdcc3SuB17t\n0YliUEcZL5hD+Ph8zO2razqHaqekph7g7lf3HAi+6GNpXOFX6uzYfqhA/ETtLZ7g\nWRtok1sbtikCROCKyODB2TmesdrPsG8GGOk4SPxA1WrhzFh8kT7z9pqeH193Q0nd\n/JuS7+qd7HOrDNH2lHhNiHUeiLINrOdE5U7JbWJk4Tm2dAFAd8t5UIyxaPQibzfS\nb0VebSAerrbVj5n5wuo7OQoumvmrFoJ1RzM7fTsh8QAQ4Pn4cMSwKlSjta70kzfp\ngIOwWy93XLXCkRsSBIKtDTqxVCNI0QIDAQABAoICAQCUbiXJgYfOtIH4raBjxqPj\nzVrky0I4SzVfKMmunlqtX9sCMGBBcGaHJfk0t0I/ZBywtoGi4CjyUKK7XMWmHoTk\ncEHlFfxcyyVe2xrl+91e4xo5cQS6NRZxFXEODm7HtMstwXeTyL6g+f5XuULmSyWB\nbQqGS88vFmcbDEMWY7q/Qm7GTGxD8/BOvqf6wcS1h3Pe+Kcs7mNjsHhhGXkv+cVS\nqnIWvTqROtRB63vzweJkggLiUGgtMKSzvjmVYTBQN0TLqCnhwxTzSb6gQgPcnCeF\nn0YJjJ5HdxMOK1jvjfBeWdEZdMuZ348C8E2qDjbXEXgqTbb4E4gkbmloYaTjqtqY\nq0gBg2Q6YCiqRJTkMXJvdqg87+TxqPMu7Lwe9dvjkGsJM+8c2A3Zhambb6iT5/yG\nZKuJ0v0exmwac4Dk+uQCdV5wAX0wshKXjVTnEgSYrV2svo3Y2R/7QBIIr3BYqu0j\nOQYPMZJusnnLtNGG7v89eo/54zZPh9jLClbYt28S91LcI8ZYsRfxD4bKlCDYMggh\nzE/nc8S6kvZbR/4drM61qmy2/2z4NXCCbzRr8SKseYaPRWLTLLR1ANnMSuNVz66S\nNCPfFI8KZ+aFVUHUS9+exQi2Yzt/8QX+ptnA/aGRsFuzdCWe8r1Pz6zoXVvNSGhi\nTI4RaziUh9syFvkI3lqaQQKCAQEA2zI+azM0pkt5trJEfocRXcOXJnqv65zX4pMx\n6M/nFzH854h0MB3oeNhL4mtt55nmXLss71hu4xBtZiwxfEGrdEXzkFZGCIfigTHY\n9gD63bNTAgflFzYRXBa9767jjRosAunodOfwFS/+eLxi1zv++ChPzLI5VxkUeVO8\nNYLECUxRaOC7DtIUo6A/pqAw5E6gFh1d8vk9Rg6whKvGPTFIfSBCNStHYiXjAyV6\nUnsyB7mbw17bnhijUbxIruIH+l9OjBh60Mbj+eautiL25S5qR56a63Na01umAk1n\n7ahFw5KF4D/aN0E05rIu2czhHNtjmkfcGiOTTwvPuUwre8ibuQKCAQEAzvdHbJxc\nwGc2tWVYUL+xk+fBPvDPXoApqCq+2K6ejl2wiFw2iVPJ+bf0W4vLVqPs7KnAJbNQ\n8iNXecG7xYy8XFe+RQlj9kegSOWJMAd29U7aMOjotBmk1FtKSvmZJr3H267zuL9/\nPjKY9CqO7xQv4cL7P5lL/LNotgPMFqDXxVExPRz7ZbnEp8mLjkw/pabby6F+aTJ7\noHD2Se9O7ROyAltML55tvcLPji2NkIA7vT5BNDTCC09x3Ui8k7xSKFt7grPnbkdU\noxbz/k+kjREk0GdKWJtVKbjCSdngh5ik4vYDxMMSGs7VV1VYCHoMhvAXMAI1Rhsm\nRBVthrHTmsAR2QKCAQEAn0mW1H4kj4gfjeVkIvJya0n8aEkV2EllFNDUnxOeIlwA\nJh0iGelSC6dbFdHtzzUmk1Kt58zC4B0K8wnAeEScnOVMhyI6yG4+6pXXzYWOyFdN\nRheIomJ3IQ2hvzC/ScWwH/ntJC98Z1k2OnTj+vctZRaeTulhA+tE1ppEFjrNzNf5\n/RX6uV1vBC0qtCKLBQ4iBZAXur7miSeZnP/bEpLi05MCqfKmcCuKGbo9dvzxsW1v\nRP2E6RGMdZQ22WeGVqq1wNb1QQyXlP3PDqq/8nHVZ/BZMirk4N0j+V5Y3PrAn8u1\nn+2m3Sp0kAUCSOI64KaJbg80YoZhwTqbHFO+8bgpeQKCAQB3kKmlmEuJJ9eWQd8c\nfzHylW+xkeLq4DWwnkk02uRksMF8dXFYMpy7dEdp37/v5LHKI2MLJKW9zScLAx4c\nSWrEGjikn4EtVUHG+zwfECDsJMqueM9+xFXSDI9F8x5EIF1mj5Ljh1XWM9rjK/b5\nLXtf/ImzuzcH3QnAJT9xTyh4KKi+epDNut1eZXQHGAupAlV2NWzXD0AWd0wBeIvr\nMHalH+NKm0cg2nuX0r823K4mbOG0bEoxyIqqYQv4eVIpWHhpEM/BiNnfgjIhGBej\nG2VeNF3iBJLVkJRFn+Yzz75qE+Anet5puFXNp1M9Sm0UQ33R0WS/hI29xXdJ2k+5\n1f45AoIBAQCBLRwoz1nixCO6YRpWyfEbNlwR6dYKmqJWrLH5qPhRsKnFjC0YVaAT\ndLXo7FKvSyJng229D4ZLpt1gkoH2KPqcqpy0G4qYAT7s3FsB/ST7/I77fvpFt/7U\nfvD7JWWf4svV/EZHDOLHBNg71HzlHgARAeD4fOLub/o6RH43y0RL6D1zJ4Ec3plu\ntgi2IBkyx4ZyofdbYojxm3EOPZYS9AuoR5+L3qeG4gdFEibmQEUOyZqJw4/XmTcj\nY0hi/FIIowyAa/zJbYHnewSqiBaWpK4peIZkp2Kf4z9E5288XYkpUj/KILOtc5hK\nz5Dm3cWAo9adi8ZdoT4kRlkh1gm3oGwy\n-----END PRIVATE KEY-----\n",
            "public_key_fingerprint_md5": "d0:16:3a:9d:49:66:ef:89:67:34:b3:2f:8e:6a:1f:f4",
            "public_key_fingerprint_sha256": "SHA256:86Ud9Q55is/OfiO1u5795PVmJfPUNG1c1GR4iWTTL+I",
            "public_key_openssh": "ssh-rsa AAAAB3NzaC1yc2EAAAADAQABAAACAQCxNijcawbe4DOyc5QqP3OeKcCAOOQ8QrdWfzMPJvra0cfZqYUafN0Scms6qBAJW12F/JZ9+QNYlV8KNNMp2PE3VHIY1n7yg+NM03TmD1JW9cS/IVToKdOMFJ+H3OClqxuM8TVj6QKiNn7xP0PPxOIOvVVWIkjUzImyB9qqhjvKzY3F0oEeYmmzDgbhebaZx2ZHoFTKvn3cshz8rviRezublPbSpwdnPrpaM9cWUvBAttkq5bamE0UCZZIKE7diesw7xf3kRk1+DmHXvMBNdBUuXV+VrpAnH+8pKupEX2rST7eiytztlFb/WTtYoanxjbW1HtGGrHPJw8OSkYUoNpMtwjYBoZvpo30LqGJdWBT46DzzbfCV4l2f4XiywyPItNGYkTdcc3SuB17t0YliUEcZL5hD+Ph8zO2razqHaqekph7g7lf3HAi+6GNpXOFX6uzYfqhA/ETtLZ7gWRtok1sbtikCROCKyODB2TmesdrPsG8GGOk4SPxA1WrhzFh8kT7z9pqeH193Q0nd/JuS7+qd7HOrDNH2lHhNiHUeiLINrOdE5U7JbWJk4Tm2dAFAd8t5UIyxaPQibzfSb0VebSAerrbVj5n5wuo7OQoumvmrFoJ1RzM7fTsh8QAQ4Pn4cMSwKlSjta70kzfpgIOwWy93XLXCkRsSBIKtDTqxVCNI0Q==\n",
            "public_key_pem": "-----BEGIN PUBLIC KEY-----\nMIICIjANBgkqhkiG9w0BAQEFAAOCAg8AMIICCgKCAgEAsTYo3GsG3uAzsnOUKj9z\nninAgDjkPEK3Vn8zDyb62tHH2amFGnzdEnJrOqgQCVtdhfyWffkDWJVfCjTTKdjx\nN1RyGNZ+8oPjTNN05g9SVvXEvyFU6CnTjBSfh9zgpasbjPE1Y+kCojZ+8T9Dz8Ti\nDr1VViJI1MyJsgfaqoY7ys2NxdKBHmJpsw4G4Xm2mcdmR6BUyr593LIc/K74kXs7\nm5T20qcHZz66WjPXFlLwQLbZKuW2phNFAmWSChO3YnrMO8X95EZNfg5h17zATXQV\nLl1fla6QJx/vKSrqRF9q0k+3osrc7ZRW/1k7WKGp8Y21tR7RhqxzycPDkpGFKDaT\nLcI2AaGb6aN9C6hiXVgU+Og8823wleJdn+F4ssMjyLTRmJE3XHN0rgde7dGJYlBH\nGS+YQ/j4fMztq2s6h2qnpKYe4O5X9xwIvuhjaVzhV+rs2H6oQPxE7S2e4FkbaJNb\nG7YpAkTgisjgwdk5nrHaz7BvBhjpOEj8QNVq4cxYfJE+8/aanh9fd0NJ3fybku/q\nnexzqwzR9pR4TYh1HoiyDaznROVOyW1iZOE5tnQBQHfLeVCMsWj0Im830m9FXm0g\nHq621Y+Z+cLqOzkKLpr5qxaCdUczO307IfEAEOD5+HDEsCpUo7Wu9JM36YCDsFsv\nd1y1wpEbEgSCrQ06sVQjSNECAwEAAQ==\n-----END PUBLIC KEY-----\n",
            "rsa_bits": 4096
          },
          "sensitive_attributes": []
        }
      ]
    }
  ]
}
